
Microsoft Visual Studio Solution File, Format Version 12.00
# Visual Studio Version 17
VisualStudioVersion = 17.0.31903.59
MinimumVisualStudioVersion = 10.0.40219.1
Project("{FAE04EC0-301F-11D3-BF4B-00C04F79EFBC}") = "BuberBreakfast.Contracts", "BuberBreakfast.Contracts\BuberBreakfast.Contracts.csproj", "{94C780DE-E0D9-479B-BB66-6F1352F2C02D}"
EndProject
Project("{FAE04EC0-301F-11D3-BF4B-00C04F79EFBC}") = "BuberBreakfast", "BuberBreakfast\BuberBreakfast.csproj", "{338CA2CE-AD0E-4F7F-8658-5FAF804D1590}"
EndProject
Global
	GlobalSection(SolutionConfigurationPlatforms) = preSolution
		Debug|Any CPU = Debug|Any CPU
		Release|Any CPU = Release|Any CPU
	EndGlobalSection
	GlobalSection(SolutionProperties) = preSolution
		HideSolutionNode = FALSE
	EndGlobalSection
	GlobalSection(ProjectConfigurationPlatforms) = postSolution
		{94C780DE-E0D9-479B-BB66-6F1352F2C02D}.Debug|Any CPU.ActiveCfg = Debug|Any CPU
		{94C780DE-E0D9-479B-BB66-6F1352F2C02D}.Debug|Any CPU.Build.0 = Debug|Any CPU
		{94C780DE-E0D9-479B-BB66-6F1352F2C02D}.Release|Any CPU.ActiveCfg = Release|Any CPU
		{94C780DE-E0D9-479B-BB66-6F1352F2C02D}.Release|Any CPU.Build.0 = Release|Any CPU
		{338CA2CE-AD0E-4F7F-8658-5FAF804D1590}.Debug|Any CPU.ActiveCfg = Debug|Any CPU
		{338CA2CE-AD0E-4F7F-8658-5FAF804D1590}.Debug|Any CPU.Build.0 = Debug|Any CPU
		{338CA2CE-AD0E-4F7F-8658-5FAF804D1590}.Release|Any CPU.ActiveCfg = Release|Any CPU
		{338CA2CE-AD0E-4F7F-8658-5FAF804D1590}.Release|Any CPU.Build.0 = Release|Any CPU
	EndGlobalSection
EndGlobal
